{
  "requires": true,
  "lockfileVersion": 1,
  "dependencies": {
    "@types/node": {
      "version": "16.6.0",
      "resolved": "https://registry.nlark.com/@types/node/download/@types/node-16.6.0.tgz?cache=0&sync_timestamp=1628719834889&other_urls=https%3A%2F%2Fregistry.nlark.com%2F%40types%2Fnode%2Fdownload%2F%40types%2Fnode-16.6.0.tgz",
      "integrity": "sha1-DVaF+FBm+U6X8Z6KZ/4APF+trMQ="
    }
  }
}
